github.com/RackSec/srslog v0.0.0-20180709174129-a4725f04ec91 h1:vX+gnvBc56EbWYrmlhYbFYRaeikAke1GL84N4BEYOFE=
github.com/RackSec/srslog v0.0.0-20180709174129-a4725f04ec91/go.mod h1:cDLGBht23g0XQdLjzn6xOGXDkLK182YfINAaZEQLCHQ=
github.com/aws/aws-sdk-go v1.17.14/go.mod h1:KmX6BPdI08NWTb3/sm4ZGu5ShLoqVDhKgpiN924inxo=
github.com/go-playground/ansi v2.1.0+incompatible h1:f9ldskdk1seTFmYjbmPaYB+WYsDKWc4UXcGb+e9JrN8=
github.com/go-playground/ansi v2.1.0+incompatible/go.mod h1:OCdnfTFO/GfFtp+ktUt+PhElbGOwyTRUuRUsA+Y5pSU=
github.com/go-playground/errors v0.0.0-20190311043724-4050dd2e2e3b h1:kP7Mu+FdZU+aG3BkVe5wM2JP7H0F/uQJfbCsZgcMQPE=
github.com/go-playground/errors v0.0.0-20190311043724-4050dd2e2e3b/go.mod h1:z6q0ljiLHVElL1MHPEMKW+U4THB6xoXSi4GGkc1unu4=
github.com/jmespath/go-jmespath v0.0.0-20180206201540-c2b33e8439af/go.mod h1:Nht3zPeWKUH0NzdCt2Blrr5ys8VGpn0CEB0cQHVjt7k=
github.com/pkg/errors v0.8.1 h1:iURUrRGxPUNPdy5/HRSm+Yj6okJ6UtLINN0Q9M4+h3I=
github.com/pkg/errors v0.8.1/go.mod h1:bwawxfHBFNV+L2hUp1rHADufV3IMtnDRdf1r5NINEl0=
github.com/segmentio/errors-go v1.0.0 h1:B4mbo4hP3+XffV1GhwyAcHlvWoZtYdTyc3BOVPxspTQ=
github.com/segmentio/errors-go v1.0.0/go.mod h1:RDVEREUrpa4/jM8rt5KsQpu+JoXPi6i07vG7m4tX0MY=
gopkg.in/gomail.v2 v2.0.0-20160411212932-81ebce5c23df h1:n7WqCuqOuCbNr617RXOY0AWRXxgwEyPp2z+p0+hgMuE=
gopkg.in/gomail.v2 v2.0.0-20160411212932-81ebce5c23df/go.mod h1:LRQQ+SO6ZHR7tOkpBDuZnXENFzX8qRjMDMyPD6BRkCw=
